
Microsoft Visual Studio Solution File, Format Version 12.00
# Visual Studio 15
VisualStudioVersion = 15.0.27703.2018
MinimumVisualStudioVersion = 10.0.40219.1
Project("{8BC9CEB8-8B4A-11D0-8D11-00A0C91BC942}") = "c11_project", "c11\c11_project\c11_project.vcxproj", "{A72AE628-EC3A-4E82-B26B-E8E863A4E101}"
EndProject
Global
	GlobalSection(SolutionConfigurationPlatforms) = preSolution
		Debug|x64 = Debug|x64
		Debug|x86 = Debug|x86
		Release|x64 = Release|x64
		Release|x86 = Release|x86
	EndGlobalSection
	GlobalSection(ProjectConfigurationPlatforms) = postSolution
		{A72AE628-EC3A-4E82-B26B-E8E863A4E101}.Debug|x64.ActiveCfg = Debug|x64
		{A72AE628-EC3A-4E82-B26B-E8E863A4E101}.Debug|x64.Build.0 = Debug|x64
		{A72AE628-EC3A-4E82-B26B-E8E863A4E101}.Debug|x86.ActiveCfg = Debug|Win32
		{A72AE628-EC3A-4E82-B26B-E8E863A4E101}.Debug|x86.Build.0 = Debug|Win32
		{A72AE628-EC3A-4E82-B26B-E8E863A4E101}.Release|x64.ActiveCfg = Release|x64
		{A72AE628-EC3A-4E82-B26B-E8E863A4E101}.Release|x64.Build.0 = Release|x64
		{A72AE628-EC3A-4E82-B26B-E8E863A4E101}.Release|x86.ActiveCfg = Release|Win32
		{A72AE628-EC3A-4E82-B26B-E8E863A4E101}.Release|x86.Build.0 = Release|Win32
	EndGlobalSection
	GlobalSection(SolutionProperties) = preSolution
		HideSolutionNode = FALSE
	EndGlobalSection
	GlobalSection(ExtensibilityGlobals) = postSolution
		SolutionGuid = {5E4FE41A-F089-4B54-B0B2-3DA42B14C61E}
	EndGlobalSection
EndGlobal
